{
  "name": "node-js-criando-biblioteca",
  "version": "1.0.0",
  "lockfileVersion": 2,
  "requires": true,
  "packages": {
    "": {
      "name": "node-js-criando-biblioteca",
      "version": "1.0.0",
      "license": "ISC",
      "dependencies": {
        "chalk": "^5.0.1",
        "nodemodule": "^0.3.0"
      }
    },
    "node_modules/chalk": {
      "version": "5.0.1",
      "resolved": "https://registry.npmjs.org/chalk/-/chalk-5.0.1.tgz",
      "integrity": "sha512-Fo07WOYGqMfCWHOzSXOt2CxDbC6skS/jO9ynEcmpANMoPrD+W1r1K6Vx7iNm+AQmETU1Xr2t+n8nzkV9t6xh3w==",
      "engines": {
        "node": "^12.17.0 || ^14.13 || >=16.0.0"
      },
      "funding": {
        "url": "https://github.com/chalk/chalk?sponsor=1"
      }
    },
    "node_modules/nodemodule": {
      "version": "0.3.0",
      "resolved": "https://registry.npmjs.org/nodemodule/-/nodemodule-0.3.0.tgz",
      "integrity": "sha512-T0ZizAsbXZcuSL21zAkBus1bNZbcH2KUzsv9SHTQIQFHpMd7kQB3fh1KX3SVOaFhvzYiJEDaQCzqGllAzi50LA=="
    }
  },
  "dependencies": {
    "chalk": {
      "version": "5.0.1",
      "resolved": "https://registry.npmjs.org/chalk/-/chalk-5.0.1.tgz",
      "integrity": "sha512-Fo07WOYGqMfCWHOzSXOt2CxDbC6skS/jO9ynEcmpANMoPrD+W1r1K6Vx7iNm+AQmETU1Xr2t+n8nzkV9t6xh3w=="
    },
    "nodemodule": {
      "version": "0.3.0",
      "resolved": "https://registry.npmjs.org/nodemodule/-/nodemodule-0.3.0.tgz",
      "integrity": "sha512-T0ZizAsbXZcuSL21zAkBus1bNZbcH2KUzsv9SHTQIQFHpMd7kQB3fh1KX3SVOaFhvzYiJEDaQCzqGllAzi50LA=="
    }
  }
}
